{
    "name": "corlink-server",
    "version": "1.0.0",
    "lockfileVersion": 3,
    "requires": true,
    "packages": {
        "": {
            "name": "corlink-server",
            "version": "1.0.0",
            "hasInstallScript": true,
            "license": "AGPL-3.0",
            "dependencies": {
                "mkdirp": "^3.0.1"
            },
            "bin": {
                "corlink-server": "bin/corlink-server"
            },
            "engines": {
                "node": ">= 14.0.0"
            },
            "optionalDependencies": {
                "@rubynetwork/corlink-darwin-arm64": "1.0.0",
                "@rubynetwork/corlink-darwin-x64": "1.0.0",
                "@rubynetwork/corlink-linux-arm": "1.0.0",
                "@rubynetwork/corlink-linux-arm64": "1.0.0",
                "@rubynetwork/corlink-linux-ia32": "1.0.0",
                "@rubynetwork/corlink-linux-x64": "1.0.0",
                "@rubynetwork/corlink-win32-ia32": "1.0.0",
                "@rubynetwork/corlink-win32-x64": "1.0.0"
            }
        },
        "node_modules/mkdirp": {
            "version": "3.0.1",
            "resolved": "https://registry.npmjs.org/mkdirp/-/mkdirp-3.0.1.tgz",
            "integrity": "sha512-+NsyUUAZDmo6YVHzL/stxSu3t9YS1iljliy3BSDrXJ/dkn1KYdmtZODGGjLcc9XLgVVpH4KshHB8XmZgMhaBXg==",
            "bin": {
                "mkdirp": "dist/cjs/src/bin.js"
            },
            "engines": {
                "node": ">=10"
            },
            "funding": {
                "url": "https://github.com/sponsors/isaacs"
            }
        }
    }
}
